
Microsoft Visual Studio Solution File, Format Version 12.00
# Visual Studio Version 17
VisualStudioVersion = 17.1.32328.378
MinimumVisualStudioVersion = 10.0.40219.1
Project("{2150E333-8FDC-42A3-9474-1A3956D46DE8}") = "Services", "Services", "{F9556609-BB19-4D38-910D-D3412B23C460}"
EndProject
Project("{2150E333-8FDC-42A3-9474-1A3956D46DE8}") = "Catalog", "Catalog", "{A45D9FF5-0269-417A-999B-76C556649705}"
EndProject
Project("{FAE04EC0-301F-11D3-BF4B-00C04F79EFBC}") = "Catalog.API", "Services\Catalog\Catalog.API\Catalog.API.csproj", "{E5EA5C25-34A1-49B3-B1FD-2D4757D30F3A}"
EndProject
Global
	GlobalSection(SolutionConfigurationPlatforms) = preSolution
		Debug|Any CPU = Debug|Any CPU
		Release|Any CPU = Release|Any CPU
	EndGlobalSection
	GlobalSection(ProjectConfigurationPlatforms) = postSolution
		{E5EA5C25-34A1-49B3-B1FD-2D4757D30F3A}.Debug|Any CPU.ActiveCfg = Debug|Any CPU
		{E5EA5C25-34A1-49B3-B1FD-2D4757D30F3A}.Debug|Any CPU.Build.0 = Debug|Any CPU
		{E5EA5C25-34A1-49B3-B1FD-2D4757D30F3A}.Release|Any CPU.ActiveCfg = Release|Any CPU
		{E5EA5C25-34A1-49B3-B1FD-2D4757D30F3A}.Release|Any CPU.Build.0 = Release|Any CPU
	EndGlobalSection
	GlobalSection(SolutionProperties) = preSolution
		HideSolutionNode = FALSE
	EndGlobalSection
	GlobalSection(NestedProjects) = preSolution
		{A45D9FF5-0269-417A-999B-76C556649705} = {F9556609-BB19-4D38-910D-D3412B23C460}
		{E5EA5C25-34A1-49B3-B1FD-2D4757D30F3A} = {A45D9FF5-0269-417A-999B-76C556649705}
	EndGlobalSection
	GlobalSection(ExtensibilityGlobals) = postSolution
		SolutionGuid = {0F0D51DD-94EC-4309-922F-D7846FE5005D}
	EndGlobalSection
EndGlobal
